
Microsoft Visual Studio Solution File, Format Version 12.00
# Visual Studio Version 17
VisualStudioVersion = 17.1.32414.318
MinimumVisualStudioVersion = 10.0.40219.1
Project("{888888A0-9F3D-457C-B088-3A5042F75D52}") = "QD27", "QD27\QD27.pyproj", "{21A1E83D-04C7-4F5E-9763-3DB49A0C40F9}"
EndProject
Global
	GlobalSection(SolutionConfigurationPlatforms) = preSolution
		Debug|Any CPU = Debug|Any CPU
		Release|Any CPU = Release|Any CPU
	EndGlobalSection
	GlobalSection(ProjectConfigurationPlatforms) = postSolution
		{21A1E83D-04C7-4F5E-9763-3DB49A0C40F9}.Debug|Any CPU.ActiveCfg = Debug|Any CPU
		{21A1E83D-04C7-4F5E-9763-3DB49A0C40F9}.Release|Any CPU.ActiveCfg = Release|Any CPU
	EndGlobalSection
	GlobalSection(SolutionProperties) = preSolution
		HideSolutionNode = FALSE
	EndGlobalSection
	GlobalSection(ExtensibilityGlobals) = postSolution
		SolutionGuid = {F56E792B-D828-4121-BAC6-13C46B8D6F19}
	EndGlobalSection
EndGlobal
