
Microsoft Visual Studio Solution File, Format Version 12.00
# Visual Studio Version 17
VisualStudioVersion = 17.1.32414.318
MinimumVisualStudioVersion = 10.0.40219.1
Project("{888888A0-9F3D-457C-B088-3A5042F75D52}") = "QD17", "QD17\QD17.pyproj", "{108FC243-6CE0-4ABC-BFDD-3AEC50C04268}"
EndProject
Global
	GlobalSection(SolutionConfigurationPlatforms) = preSolution
		Debug|Any CPU = Debug|Any CPU
		Release|Any CPU = Release|Any CPU
	EndGlobalSection
	GlobalSection(ProjectConfigurationPlatforms) = postSolution
		{108FC243-6CE0-4ABC-BFDD-3AEC50C04268}.Debug|Any CPU.ActiveCfg = Debug|Any CPU
		{108FC243-6CE0-4ABC-BFDD-3AEC50C04268}.Release|Any CPU.ActiveCfg = Release|Any CPU
	EndGlobalSection
	GlobalSection(SolutionProperties) = preSolution
		HideSolutionNode = FALSE
	EndGlobalSection
	GlobalSection(ExtensibilityGlobals) = postSolution
		SolutionGuid = {33C14E3D-F0CB-4D59-BD9A-5841BCFF26DB}
	EndGlobalSection
EndGlobal
