
Microsoft Visual Studio Solution File, Format Version 12.00
# Visual Studio Version 17
VisualStudioVersion = 17.1.32414.318
MinimumVisualStudioVersion = 10.0.40219.1
Project("{888888A0-9F3D-457C-B088-3A5042F75D52}") = "QD49", "QD49\QD49.pyproj", "{56FDE483-5AE9-4AAC-A538-0AE9E4341D08}"
EndProject
Global
	GlobalSection(SolutionConfigurationPlatforms) = preSolution
		Debug|Any CPU = Debug|Any CPU
		Release|Any CPU = Release|Any CPU
	EndGlobalSection
	GlobalSection(ProjectConfigurationPlatforms) = postSolution
		{56FDE483-5AE9-4AAC-A538-0AE9E4341D08}.Debug|Any CPU.ActiveCfg = Debug|Any CPU
		{56FDE483-5AE9-4AAC-A538-0AE9E4341D08}.Release|Any CPU.ActiveCfg = Release|Any CPU
	EndGlobalSection
	GlobalSection(SolutionProperties) = preSolution
		HideSolutionNode = FALSE
	EndGlobalSection
	GlobalSection(ExtensibilityGlobals) = postSolution
		SolutionGuid = {34E17BC9-AD98-4D55-8E03-A2A29AB6C922}
	EndGlobalSection
EndGlobal
