
Microsoft Visual Studio Solution File, Format Version 12.00
# Visual Studio Version 17
VisualStudioVersion = 17.1.32414.318
MinimumVisualStudioVersion = 10.0.40219.1
Project("{FAE04EC0-301F-11D3-BF4B-00C04F79EFBC}") = "QD130", "QD130\QD130.csproj", "{EA421C45-8E12-4D2B-A63E-54A82D249FCA}"
EndProject
Global
	GlobalSection(SolutionConfigurationPlatforms) = preSolution
		Debug|Any CPU = Debug|Any CPU
		Release|Any CPU = Release|Any CPU
	EndGlobalSection
	GlobalSection(ProjectConfigurationPlatforms) = postSolution
		{EA421C45-8E12-4D2B-A63E-54A82D249FCA}.Debug|Any CPU.ActiveCfg = Debug|Any CPU
		{EA421C45-8E12-4D2B-A63E-54A82D249FCA}.Debug|Any CPU.Build.0 = Debug|Any CPU
		{EA421C45-8E12-4D2B-A63E-54A82D249FCA}.Release|Any CPU.ActiveCfg = Release|Any CPU
		{EA421C45-8E12-4D2B-A63E-54A82D249FCA}.Release|Any CPU.Build.0 = Release|Any CPU
	EndGlobalSection
	GlobalSection(SolutionProperties) = preSolution
		HideSolutionNode = FALSE
	EndGlobalSection
	GlobalSection(ExtensibilityGlobals) = postSolution
		SolutionGuid = {9474EB4A-E569-46DB-82B6-BD9C2CC9E8A6}
	EndGlobalSection
EndGlobal
