
Microsoft Visual Studio Solution File, Format Version 12.00
# Visual Studio Version 17
VisualStudioVersion = 17.1.32414.318
MinimumVisualStudioVersion = 10.0.40219.1
Project("{888888A0-9F3D-457C-B088-3A5042F75D52}") = "QD44", "QD44\QD44.pyproj", "{53B6A198-E33A-49AD-8DAA-17375C1B8124}"
EndProject
Global
	GlobalSection(SolutionConfigurationPlatforms) = preSolution
		Debug|Any CPU = Debug|Any CPU
		Release|Any CPU = Release|Any CPU
	EndGlobalSection
	GlobalSection(ProjectConfigurationPlatforms) = postSolution
		{53B6A198-E33A-49AD-8DAA-17375C1B8124}.Debug|Any CPU.ActiveCfg = Debug|Any CPU
		{53B6A198-E33A-49AD-8DAA-17375C1B8124}.Release|Any CPU.ActiveCfg = Release|Any CPU
	EndGlobalSection
	GlobalSection(SolutionProperties) = preSolution
		HideSolutionNode = FALSE
	EndGlobalSection
	GlobalSection(ExtensibilityGlobals) = postSolution
		SolutionGuid = {19742F0F-54F5-43A2-99A2-B9B57901452D}
	EndGlobalSection
EndGlobal
