
Microsoft Visual Studio Solution File, Format Version 12.00
# Visual Studio Version 17
VisualStudioVersion = 17.1.32414.318
MinimumVisualStudioVersion = 10.0.40219.1
Project("{FAE04EC0-301F-11D3-BF4B-00C04F79EFBC}") = "QD109 UnionFind", "QD109 UnionFind\QD109 UnionFind.csproj", "{BDC74E41-D2BF-433D-9B4C-91973E4E2730}"
EndProject
Global
	GlobalSection(SolutionConfigurationPlatforms) = preSolution
		Debug|Any CPU = Debug|Any CPU
		Release|Any CPU = Release|Any CPU
	EndGlobalSection
	GlobalSection(ProjectConfigurationPlatforms) = postSolution
		{BDC74E41-D2BF-433D-9B4C-91973E4E2730}.Debug|Any CPU.ActiveCfg = Debug|Any CPU
		{BDC74E41-D2BF-433D-9B4C-91973E4E2730}.Debug|Any CPU.Build.0 = Debug|Any CPU
		{BDC74E41-D2BF-433D-9B4C-91973E4E2730}.Release|Any CPU.ActiveCfg = Release|Any CPU
		{BDC74E41-D2BF-433D-9B4C-91973E4E2730}.Release|Any CPU.Build.0 = Release|Any CPU
	EndGlobalSection
	GlobalSection(SolutionProperties) = preSolution
		HideSolutionNode = FALSE
	EndGlobalSection
	GlobalSection(ExtensibilityGlobals) = postSolution
		SolutionGuid = {11C4B11C-3483-40A3-A3EE-9BEA36458A83}
	EndGlobalSection
EndGlobal
